Microsoft Visual Studio Solution File, Format Version 12.00
# Visual Studio Version 18
VisualStudioVersion = 18.0.11104.47
MinimumVisualStudioVersion = 10.0.40219.1
Project("{2150E333-8FDC-42A3-9474-1A3956D46DE8}") = "docs", "docs", "{0F1DEF9C-233A-4FE7-850F-43556EF8EA77}"
	ProjectSection(SolutionItems) = preProject
		docs\conventions.md = docs\conventions.md
		docs\goals.md = docs\goals.md
		LICENSE = LICENSE
		README.md = README.md
	EndProjectSection
EndProject
Project("{2150E333-8FDC-42A3-9474-1A3956D46DE8}") = "root", "root", "{AAE4BA44-8220-4D4A-8220-4ED55D5835CD}"
	ProjectSection(SolutionItems) = preProject
		.gitignore = .gitignore
		LICENSE = LICENSE
		README.md = README.md
	EndProjectSection
EndProject
Project("{2150E333-8FDC-42A3-9474-1A3956D46DE8}") = "src", "src", "{70313767-1584-4AAD-8118-B1B85DE83A68}"
EndProject
Project("{2150E333-8FDC-42A3-9474-1A3956D46DE8}") = "tests", "tests", "{C243CB31-C7CA-4C50-9C73-ECEE67881787}"
EndProject
Project("{FAE04EC0-301F-11D3-BF4B-00C04F79EFBC}") = "Maple.Result", "src\Maple.Result\Maple.Result.csproj", "{BB1E2A1A-5E43-E820-8D91-7CAAFE0184F5}"
EndProject
Project("{FAE04EC0-301F-11D3-BF4B-00C04F79EFBC}") = "Maple.Result.Tests.Unit", "tests\Maple.Result.Tests.Unit\Maple.Result.Tests.Unit.csproj", "{7CF5C16B-62D9-F1B1-E2FB-C05515F96CB2}"
EndProject
Project("{2150E333-8FDC-42A3-9474-1A3956D46DE8}") = ".github", ".github", "{A6FB494F-29B8-49EA-A7CE-FE26E828D00C}"
EndProject
Project("{2150E333-8FDC-42A3-9474-1A3956D46DE8}") = "workflows", "workflows", "{63943D00-F1D6-4390-A150-C9F0796C1752}"
	ProjectSection(SolutionItems) = preProject
		.github\workflows\build-and-publish.yml = .github\workflows\build-and-publish.yml
	EndProjectSection
EndProject
Project("{2150E333-8FDC-42A3-9474-1A3956D46DE8}") = "Error", "Error", "{E02A393C-BF22-4DBB-897C-B91B32E5E264}"
	ProjectSection(SolutionItems) = preProject
		docs\Reference\Error\Error.md = docs\Reference\Error\Error.md
		docs\Reference\Error\Error_AddDetail.md = docs\Reference\Error\Error_AddDetail.md
		docs\Reference\Error\Error_Category.md = docs\Reference\Error\Error_Category.md
		docs\Reference\Error\Error_Conflict.md = docs\Reference\Error\Error_Conflict.md
		docs\Reference\Error\Error_constructors.md = docs\Reference\Error\Error_constructors.md
		docs\Reference\Error\Error_CriticalError.md = docs\Reference\Error\Error_CriticalError.md
		docs\Reference\Error\Error_Detail.md = docs\Reference\Error\Error_Detail.md
		docs\Reference\Error\Error_DetailTemplated.md = docs\Reference\Error\Error_DetailTemplated.md
		docs\Reference\Error\Error_ErrorDetails.md = docs\Reference\Error\Error_ErrorDetails.md
		docs\Reference\Error\Error_Failure.md = docs\Reference\Error\Error_Failure.md
		docs\Reference\Error\Error_InstanceUri.md = docs\Reference\Error\Error_InstanceUri.md
		docs\Reference\Error\Error_NotFound.md = docs\Reference\Error\Error_NotFound.md
		docs\Reference\Error\Error_NotImplemented.md = docs\Reference\Error\Error_NotImplemented.md
		docs\Reference\Error\Error_Timeout.md = docs\Reference\Error\Error_Timeout.md
		docs\Reference\Error\Error_Title.md = docs\Reference\Error\Error_Title.md
		docs\Reference\Error\Error_TypeUri.md = docs\Reference\Error\Error_TypeUri.md
		docs\Reference\Error\Error_Unauthenticated.md = docs\Reference\Error\Error_Unauthenticated.md
		docs\Reference\Error\Error_Unauthorized.md = docs\Reference\Error\Error_Unauthorized.md
		docs\Reference\Error\Error_Unavailable.md = docs\Reference\Error\Error_Unavailable.md
		docs\Reference\Error\Error_Validation.md = docs\Reference\Error\Error_Validation.md
	EndProjectSection
EndProject
Project("{2150E333-8FDC-42A3-9474-1A3956D46DE8}") = "Reference", "Reference", "{4BBCD0C7-0224-4C06-9A95-680021772CE8}"
	ProjectSection(SolutionItems) = preProject
		docs\Reference\ErrorCategory.md = docs\Reference\ErrorCategory.md
		docs\Reference\namespace.md = docs\Reference\namespace.md
	EndProjectSection
EndProject
Project("{2150E333-8FDC-42A3-9474-1A3956D46DE8}") = "Result", "Result", "{906F16D6-F33A-45A2-A2C7-7E29FF65F538}"
	ProjectSection(SolutionItems) = preProject
		docs\Reference\Result\Result.md = docs\Reference\Result\Result.md
		docs\Reference\Result\Result_constructors.md = docs\Reference\Result\Result_constructors.md
		docs\Reference\Result\Result_Error.md = docs\Reference\Result\Result_Error.md
		docs\Reference\Result\Result_FromError.md = docs\Reference\Result\Result_FromError.md
		docs\Reference\Result\Result_FromValue.md = docs\Reference\Result\Result_FromValue.md
		docs\Reference\Result\Result_implicit_Error_to_Result.md = docs\Reference\Result\Result_implicit_Error_to_Result.md
		docs\Reference\Result\Result_IsSuccess.md = docs\Reference\Result\Result_IsSuccess.md
		docs\Reference\Result\Result_Success.md = docs\Reference\Result\Result_Success.md
	EndProjectSection
EndProject
Project("{2150E333-8FDC-42A3-9474-1A3956D46DE8}") = "Extensions", "Extensions", "{BF50E537-E1F0-4889-887E-FB260398E32C}"
	ProjectSection(SolutionItems) = preProject
		docs\Reference\Extensions\IfErrorAsyncExtensions.md = docs\Reference\Extensions\IfErrorAsyncExtensions.md
		docs\Reference\Extensions\IfErrorAsyncExtensions_IfErrorAsync.md = docs\Reference\Extensions\IfErrorAsyncExtensions_IfErrorAsync.md
		docs\Reference\Extensions\IfErrorExtensions.md = docs\Reference\Extensions\IfErrorExtensions.md
		docs\Reference\Extensions\IfErrorExtensions_IfError.md = docs\Reference\Extensions\IfErrorExtensions_IfError.md
		docs\Reference\Extensions\IfSuccessAsyncExtensions.md = docs\Reference\Extensions\IfSuccessAsyncExtensions.md
		docs\Reference\Extensions\IfSuccessAsyncExtensions_IfSuccessAsync.md = docs\Reference\Extensions\IfSuccessAsyncExtensions_IfSuccessAsync.md
		docs\Reference\Extensions\IfSuccessExtensions.md = docs\Reference\Extensions\IfSuccessExtensions.md
		docs\Reference\Extensions\IfSuccessExtensions_IfSuccess.md = docs\Reference\Extensions\IfSuccessExtensions_IfSuccess.md
		docs\Reference\Extensions\MatchAsyncExtensions.md = docs\Reference\Extensions\MatchAsyncExtensions.md
		docs\Reference\Extensions\MatchAsyncExtensions_MatchAsync.md = docs\Reference\Extensions\MatchAsyncExtensions_MatchAsync.md
		docs\Reference\Extensions\MatchExtensions.md = docs\Reference\Extensions\MatchExtensions.md
		docs\Reference\Extensions\MatchExtensions_Match.md = docs\Reference\Extensions\MatchExtensions_Match.md
	EndProjectSection
EndProject
Global
	GlobalSection(SolutionConfigurationPlatforms) = preSolution
		Debug|Any CPU = Debug|Any CPU
		Release|Any CPU = Release|Any CPU
	EndGlobalSection
	GlobalSection(ProjectConfigurationPlatforms) = postSolution
		{BB1E2A1A-5E43-E820-8D91-7CAAFE0184F5}.Debug|Any CPU.ActiveCfg = Debug|Any CPU
		{BB1E2A1A-5E43-E820-8D91-7CAAFE0184F5}.Debug|Any CPU.Build.0 = Debug|Any CPU
		{BB1E2A1A-5E43-E820-8D91-7CAAFE0184F5}.Release|Any CPU.ActiveCfg = Release|Any CPU
		{BB1E2A1A-5E43-E820-8D91-7CAAFE0184F5}.Release|Any CPU.Build.0 = Release|Any CPU
		{7CF5C16B-62D9-F1B1-E2FB-C05515F96CB2}.Debug|Any CPU.ActiveCfg = Debug|Any CPU
		{7CF5C16B-62D9-F1B1-E2FB-C05515F96CB2}.Debug|Any CPU.Build.0 = Debug|Any CPU
		{7CF5C16B-62D9-F1B1-E2FB-C05515F96CB2}.Release|Any CPU.ActiveCfg = Release|Any CPU
		{7CF5C16B-62D9-F1B1-E2FB-C05515F96CB2}.Release|Any CPU.Build.0 = Release|Any CPU
	EndGlobalSection
	GlobalSection(SolutionProperties) = preSolution
		HideSolutionNode = FALSE
	EndGlobalSection
	GlobalSection(NestedProjects) = preSolution
		{BB1E2A1A-5E43-E820-8D91-7CAAFE0184F5} = {70313767-1584-4AAD-8118-B1B85DE83A68}
		{7CF5C16B-62D9-F1B1-E2FB-C05515F96CB2} = {C243CB31-C7CA-4C50-9C73-ECEE67881787}
		{63943D00-F1D6-4390-A150-C9F0796C1752} = {A6FB494F-29B8-49EA-A7CE-FE26E828D00C}
		{E02A393C-BF22-4DBB-897C-B91B32E5E264} = {4BBCD0C7-0224-4C06-9A95-680021772CE8}
		{4BBCD0C7-0224-4C06-9A95-680021772CE8} = {0F1DEF9C-233A-4FE7-850F-43556EF8EA77}
		{906F16D6-F33A-45A2-A2C7-7E29FF65F538} = {4BBCD0C7-0224-4C06-9A95-680021772CE8}
		{BF50E537-E1F0-4889-887E-FB260398E32C} = {4BBCD0C7-0224-4C06-9A95-680021772CE8}
	EndGlobalSection
	GlobalSection(ExtensibilityGlobals) = postSolution
		SolutionGuid = {B2854F93-1DE8-4AA5-8B37-0EB331C30451}
	EndGlobalSection
EndGlobal
