Microsoft Visual Studio Solution File, Format Version 12.00
# 17
VisualStudioVersion = 17.11.35222.181
MinimumVisualStudioVersion = 10.0.40219.1
Project("{2150E333-8FDC-42A3-9474-1A3956D46DE8}") = "docs", "docs", "{0F1DEF9C-233A-4FE7-850F-43556EF8EA77}"
	ProjectSection(SolutionItems) = preProject
		docs\conventions.md = docs\conventions.md
		docs\goals.md = docs\goals.md
	EndProjectSection
EndProject
Project("{2150E333-8FDC-42A3-9474-1A3956D46DE8}") = "root", "root", "{AAE4BA44-8220-4D4A-8220-4ED55D5835CD}"
	ProjectSection(SolutionItems) = preProject
		.gitignore = .gitignore
		LICENSE = LICENSE
		README.md = README.md
	EndProjectSection
EndProject
Project("{2150E333-8FDC-42A3-9474-1A3956D46DE8}") = "src", "src", "{70313767-1584-4AAD-8118-B1B85DE83A68}"
EndProject
Project("{FAE04EC0-301F-11D3-BF4B-00C04F79EFBC}") = "Result", "src\Result\Result.csproj", "{545A1931-2D56-4473-BB8B-5E7D07CFCA11}"
EndProject
Global
	GlobalSection(SolutionConfigurationPlatforms) = preSolution
		Debug|Any CPU = Debug|Any CPU
		Release|Any CPU = Release|Any CPU
	EndGlobalSection
	GlobalSection(ProjectConfigurationPlatforms) = postSolution
		{545A1931-2D56-4473-BB8B-5E7D07CFCA11}.Debug|Any CPU.ActiveCfg = Debug|Any CPU
		{545A1931-2D56-4473-BB8B-5E7D07CFCA11}.Debug|Any CPU.Build.0 = Debug|Any CPU
		{545A1931-2D56-4473-BB8B-5E7D07CFCA11}.Release|Any CPU.ActiveCfg = Release|Any CPU
		{545A1931-2D56-4473-BB8B-5E7D07CFCA11}.Release|Any CPU.Build.0 = Release|Any CPU
	EndGlobalSection
	GlobalSection(SolutionProperties) = preSolution
		HideSolutionNode = FALSE
	EndGlobalSection
	GlobalSection(NestedProjects) = preSolution
		{545A1931-2D56-4473-BB8B-5E7D07CFCA11} = {70313767-1584-4AAD-8118-B1B85DE83A68}
	EndGlobalSection
	GlobalSection(ExtensibilityGlobals) = postSolution
		SolutionGuid = {B2854F93-1DE8-4AA5-8B37-0EB331C30451}
	EndGlobalSection
EndGlobal
